
Microsoft Visual Studio Solution File, Format Version 12.00
# Visual Studio Version 16
VisualStudioVersion = 16.0.31025.194
MinimumVisualStudioVersion = 10.0.40219.1
Project("{FAE04EC0-301F-11D3-BF4B-00C04F79EFBC}") = "ImageProcessing", "ImageProcessing\ImageProcessing.csproj", "{588E8055-BEAF-442F-80E4-A16C877D6530}"
EndProject
Project("{9A19103F-16F7-4668-BE54-9A1E7A4F7556}") = "RGBConverter", "RGBConverter\RGBConverter.csproj", "{DC473400-C042-44B4-AA07-95DD92A3049E}"
EndProject
Project("{FAE04EC0-301F-11D3-BF4B-00C04F79EFBC}") = "TestProject1", "TestProject1\TestProject1.csproj", "{6F0F065E-6C21-40E4-AC30-B7BB21839F46}"
EndProject
Global
	GlobalSection(SolutionConfigurationPlatforms) = preSolution
		Debug|Any CPU = Debug|Any CPU
		Release|Any CPU = Release|Any CPU
	EndGlobalSection
	GlobalSection(ProjectConfigurationPlatforms) = postSolution
		{588E8055-BEAF-442F-80E4-A16C877D6530}.Debug|Any CPU.ActiveCfg = Debug|Any CPU
		{588E8055-BEAF-442F-80E4-A16C877D6530}.Debug|Any CPU.Build.0 = Debug|Any CPU
		{588E8055-BEAF-442F-80E4-A16C877D6530}.Release|Any CPU.ActiveCfg = Release|Any CPU
		{588E8055-BEAF-442F-80E4-A16C877D6530}.Release|Any CPU.Build.0 = Release|Any CPU
		{DC473400-C042-44B4-AA07-95DD92A3049E}.Debug|Any CPU.ActiveCfg = Debug|Any CPU
		{DC473400-C042-44B4-AA07-95DD92A3049E}.Debug|Any CPU.Build.0 = Debug|Any CPU
		{DC473400-C042-44B4-AA07-95DD92A3049E}.Release|Any CPU.ActiveCfg = Release|Any CPU
		{DC473400-C042-44B4-AA07-95DD92A3049E}.Release|Any CPU.Build.0 = Release|Any CPU
		{6F0F065E-6C21-40E4-AC30-B7BB21839F46}.Debug|Any CPU.ActiveCfg = Debug|Any CPU
		{6F0F065E-6C21-40E4-AC30-B7BB21839F46}.Debug|Any CPU.Build.0 = Debug|Any CPU
		{6F0F065E-6C21-40E4-AC30-B7BB21839F46}.Release|Any CPU.ActiveCfg = Release|Any CPU
		{6F0F065E-6C21-40E4-AC30-B7BB21839F46}.Release|Any CPU.Build.0 = Release|Any CPU
	EndGlobalSection
	GlobalSection(SolutionProperties) = preSolution
		HideSolutionNode = FALSE
	EndGlobalSection
	GlobalSection(ExtensibilityGlobals) = postSolution
		SolutionGuid = {C48334F4-A38B-438A-90D8-01A64A6C87E9}
	EndGlobalSection
EndGlobal
